
Microsoft Visual Studio Solution File, Format Version 12.00
# Visual Studio Version 16
VisualStudioVersion = 16.0.29709.97
MinimumVisualStudioVersion = 10.0.40219.1
Project("{9A19103F-16F7-4668-BE54-9A1E7A4F7556}") = "dvonna.Site", "dvonna.site\dvonna.Site.csproj", "{FFF03FB5-DF6C-4D41-9A5A-F67E31BC5A77}"
EndProject
Project("{9A19103F-16F7-4668-BE54-9A1E7A4F7556}") = "dvonna.Shared", "dvonna.Shared\dvonna.Shared.csproj", "{44F4A061-3C19-440B-9F81-5750D5091672}"
EndProject
Global
	GlobalSection(SolutionConfigurationPlatforms) = preSolution
		Debug|Any CPU = Debug|Any CPU
		Release|Any CPU = Release|Any CPU
	EndGlobalSection
	GlobalSection(ProjectConfigurationPlatforms) = postSolution
		{FFF03FB5-DF6C-4D41-9A5A-F67E31BC5A77}.Debug|Any CPU.ActiveCfg = Debug|Any CPU
		{FFF03FB5-DF6C-4D41-9A5A-F67E31BC5A77}.Debug|Any CPU.Build.0 = Debug|Any CPU
		{FFF03FB5-DF6C-4D41-9A5A-F67E31BC5A77}.Release|Any CPU.ActiveCfg = Release|Any CPU
		{FFF03FB5-DF6C-4D41-9A5A-F67E31BC5A77}.Release|Any CPU.Build.0 = Release|Any CPU
		{44F4A061-3C19-440B-9F81-5750D5091672}.Debug|Any CPU.ActiveCfg = Debug|Any CPU
		{44F4A061-3C19-440B-9F81-5750D5091672}.Debug|Any CPU.Build.0 = Debug|Any CPU
		{44F4A061-3C19-440B-9F81-5750D5091672}.Release|Any CPU.ActiveCfg = Release|Any CPU
		{44F4A061-3C19-440B-9F81-5750D5091672}.Release|Any CPU.Build.0 = Release|Any CPU
	EndGlobalSection
	GlobalSection(SolutionProperties) = preSolution
		HideSolutionNode = FALSE
	EndGlobalSection
	GlobalSection(ExtensibilityGlobals) = postSolution
		SolutionGuid = {B7B4A593-7251-4965-AC0F-C44C7E7751A6}
	EndGlobalSection
EndGlobal
